# This file is automatically @generated by Cargo.
# It is not intended for manual editing.
version = 4

[[package]]
name = "tbo-auth"
version = "0.1.0"

[[package]]
name = "tbo-booth-client"
version = "0.1.0"

[[package]]
name = "tbo-core"
version = "0.1.0"

[[package]]
name = "tbo-metrics"
version = "0.1.0"

[[package]]
name = "tbo-operator-client"
version = "0.1.0"

[[package]]
name = "tbo-tui"
version = "0.1.0"
